
Microsoft Visual Studio Solution File, Format Version 12.00
Project("{FAE04EC0-301F-11D3-BF4B-00C04F79EFBC}") = "FunctionalProgramming.Chapter1", "FunctionalProgramming.Chapter1\FunctionalProgramming.Chapter1.csproj", "{D6F3B446-9F42-49DC-9CBC-55B568730012}"
EndProject
Project("{FAE04EC0-301F-11D3-BF4B-00C04F79EFBC}") = "FunctionalProgramming.Helpers", "FunctionalProgramming.Helpers\FunctionalProgramming.Helpers.csproj", "{6B39DF2C-7F40-45A1-93C0-8BEFE43C59F7}"
EndProject
Global
	GlobalSection(SolutionConfigurationPlatforms) = preSolution
		Debug|Any CPU = Debug|Any CPU
		Release|Any CPU = Release|Any CPU
	EndGlobalSection
	GlobalSection(ProjectConfigurationPlatforms) = postSolution
		{D6F3B446-9F42-49DC-9CBC-55B568730012}.Debug|Any CPU.ActiveCfg = Debug|Any CPU
		{D6F3B446-9F42-49DC-9CBC-55B568730012}.Debug|Any CPU.Build.0 = Debug|Any CPU
		{D6F3B446-9F42-49DC-9CBC-55B568730012}.Release|Any CPU.ActiveCfg = Release|Any CPU
		{D6F3B446-9F42-49DC-9CBC-55B568730012}.Release|Any CPU.Build.0 = Release|Any CPU
		{6B39DF2C-7F40-45A1-93C0-8BEFE43C59F7}.Debug|Any CPU.ActiveCfg = Debug|Any CPU
		{6B39DF2C-7F40-45A1-93C0-8BEFE43C59F7}.Debug|Any CPU.Build.0 = Debug|Any CPU
		{6B39DF2C-7F40-45A1-93C0-8BEFE43C59F7}.Release|Any CPU.ActiveCfg = Release|Any CPU
		{6B39DF2C-7F40-45A1-93C0-8BEFE43C59F7}.Release|Any CPU.Build.0 = Release|Any CPU
	EndGlobalSection
EndGlobal
